// !$*UTF8*$!
{
	archiveVersion = 1;
	classes = {
	};
	objectVersion = 51;
	objects = {

/* Begin PBXBuildFile section */
		35976410926AE991BE7BE31F /* Pods_CustomPopUpTest.framework in Frameworks */ = {isa = PBXBuildFile; fileRef = 14A4E1054A95CECDD0BB345C /* Pods_CustomPopUpTest.framework */; };
		F352043D2492CE1100304659 /* AppDelegate.swift in Sources */ = {isa = PBXBuildFile; fileRef = F352043C2492CE1100304659 /* AppDelegate.swift */; };
		F352043F2492CE1100304659 /* SceneDelegate.swift in Sources */ = {isa = PBXBuildFile; fileRef = F352043E2492CE1100304659 /* SceneDelegate.swift */; };
		F35204412492CE1100304659 /* ViewController.swift in Sources */ = {isa = PBXBuildFile; fileRef = F35204402492CE1100304659 /* ViewController.swift */; };
		F35204442492CE1100304659 /* Main.storyboard in Resources */ = {isa = PBXBuildFile; fileRef = F35204422492CE1100304659 /* Main.storyboard */; };
		F35204462492CE1300304659 /* Assets.xcassets in Resources */ = {isa = PBXBuildFile; fileRef = F35204452492CE1300304659 /* Assets.xcassets */; };
		F35204492492CE1300304659 /* LaunchScreen.storyboard in Resources */ = {isa = PBXBuildFile; fileRef = F35204472492CE1300304659 /* LaunchScreen.storyboard */; };
		F35204512492CF5900304659 /* MyPopUpView.swift in Sources */ = {isa = PBXBuildFile; fileRef = F35204502492CF5900304659 /* MyPopUpView.swift */; };
		F35204532492CF8900304659 /* SmallPopUpView.swift in Sources */ = {isa = PBXBuildFile; fileRef = F35204522492CF8900304659 /* SmallPopUpView.swift */; };
		F35204552492CFB900304659 /* UIView+Message.swift in Sources */ = {isa = PBXBuildFile; fileRef = F35204542492CFB800304659 /* UIView+Message.swift */; };
/* End PBXBuildFile section */

/* Begin PBXFileReference section */
		14A4E1054A95CECDD0BB345C /* Pods_CustomPopUpTest.framework */ = {isa = PBXFileReference; explicitFileType = wrapper.framework; includeInIndex = 0; path = Pods_CustomPopUpTest.framework; sourceTree = BUILT_PRODUCTS_DIR; };
		66B114BC4C3BE1FA0E670760 /* Pods-CustomPopUpTest.debug.xcconfig */ = {isa = PBXFileReference; includeInIndex = 1; lastKnownFileType = text.xcconfig; name = "Pods-CustomPopUpTest.debug.xcconfig"; path = "Target Support Files/Pods-CustomPopUpTest/Pods-CustomPopUpTest.debug.xcconfig"; sourceTree = "<group>"; };
		EF3101604536AD724F824AAA /* Pods-CustomPopUpTest.release.xcconfig */ = {isa = PBXFileReference; includeInIndex = 1; lastKnownFileType = text.xcconfig; name = "Pods-CustomPopUpTest.release.xcconfig"; path = "Target Support Files/Pods-CustomPopUpTest/Pods-CustomPopUpTest.release.xcconfig"; sourceTree = "<group>"; };
		F35204392492CE1100304659 /* CustomPopUpTest.app */ = {isa = PBXFileReference; explicitFileType = wrapper.application; includeInIndex = 0; path = CustomPopUpTest.app; sourceTree = BUILT_PRODUCTS_DIR; };
		F352043C2492CE1100304659 /* AppDelegate.swift */ = {isa = PBXFileReference; lastKnownFileType = sourcecode.swift; path = AppDelegate.swift; sourceTree = "<group>"; };
		F352043E2492CE1100304659 /* SceneDelegate.swift */ = {isa = PBXFileReference; lastKnownFileType = sourcecode.swift; path = SceneDelegate.swift; sourceTree = "<group>"; };
		F35204402492CE1100304659 /* ViewController.swift */ = {isa = PBXFileReference; lastKnownFileType = sourcecode.swift; path = ViewController.swift; sourceTree = "<group>"; };
		F35204432492CE1100304659 /* Base */ = {isa = PBXFileReference; lastKnownFileType = file.storyboard; name = Base; path = Base.lproj/Main.storyboard; sourceTree = "<group>"; };
		F35204452492CE1300304659 /* Assets.xcassets */ = {isa = PBXFileReference; lastKnownFileType = folder.assetcatalog; path = Assets.xcassets; sourceTree = "<group>"; };
		F35204482492CE1300304659 /* Base */ = {isa = PBXFileReference; lastKnownFileType = file.storyboard; name = Base; path = Base.lproj/LaunchScreen.storyboard; sourceTree = "<group>"; };
		F352044A2492CE1300304659 /* Info.plist */ = {isa = PBXFileReference; lastKnownFileType = text.plist.xml; path = Info.plist; sourceTree = "<group>"; };
		F35204502492CF5900304659 /* MyPopUpView.swift */ = {isa = PBXFileReference; lastKnownFileType = sourcecode.swift; path = MyPopUpView.swift; sourceTree = "<group>"; };
		F35204522492CF8900304659 /* SmallPopUpView.swift */ = {isa = PBXFileReference; lastKnownFileType = sourcecode.swift; path = SmallPopUpView.swift; sourceTree = "<group>"; };
		F35204542492CFB800304659 /* UIView+Message.swift */ = {isa = PBXFileReference; lastKnownFileType = sourcecode.swift; path = "UIView+Message.swift"; sourceTree = "<group>"; };
/* End PBXFileReference section */

/* Begin PBXFrameworksBuildPhase section */
		F35204362492CE1100304659 /* Frameworks */ = {
			isa = PBXFrameworksBuildPhase;
			buildActionMask = 2147483647;
			files = (
				35976410926AE991BE7BE31F /* Pods_CustomPopUpTest.framework in Frameworks */,
			);
			runOnlyForDeploymentPostprocessing = 0;
		};
/* End PBXFrameworksBuildPhase section */

/* Begin PBXGroup section */
		160EE3EE42F31C9306ECC883 /* Pods */ = {
			isa = PBXGroup;
			children = (
				66B114BC4C3BE1FA0E670760 /* Pods-CustomPopUpTest.debug.xcconfig */,
				EF3101604536AD724F824AAA /* Pods-CustomPopUpTest.release.xcconfig */,
			);
			path = Pods;
			sourceTree = "<group>";
		};
		9210F97789D1649B2665C01F /* Frameworks */ = {
			isa = PBXGroup;
			children = (
				14A4E1054A95CECDD0BB345C /* Pods_CustomPopUpTest.framework */,
			);
			name = Frameworks;
			sourceTree = "<group>";
		};
		F35204302492CE1100304659 = {
			isa = PBXGroup;
			children = (
				F352043B2492CE1100304659 /* CustomPopUpTest */,
				F352043A2492CE1100304659 /* Products */,
				160EE3EE42F31C9306ECC883 /* Pods */,
				9210F97789D1649B2665C01F /* Frameworks */,
			);
			sourceTree = "<group>";
		};
		F352043A2492CE1100304659 /* Products */ = {
			isa = PBXGroup;
			children = (
				F35204392492CE1100304659 /* CustomPopUpTest.app */,
			);
			name = Products;
			sourceTree = "<group>";
		};
		F352043B2492CE1100304659 /* CustomPopUpTest */ = {
			isa = PBXGroup;
			children = (
				F352043C2492CE1100304659 /* AppDelegate.swift */,
				F352043E2492CE1100304659 /* SceneDelegate.swift */,
				F35204402492CE1100304659 /* ViewController.swift */,
				F35204502492CF5900304659 /* MyPopUpView.swift */,
				F35204522492CF8900304659 /* SmallPopUpView.swift */,
				F35204542492CFB800304659 /* UIView+Message.swift */,
				F35204422492CE1100304659 /* Main.storyboard */,
				F35204452492CE1300304659 /* Assets.xcassets */,
				F35204472492CE1300304659 /* LaunchScreen.storyboard */,
				F352044A2492CE1300304659 /* Info.plist */,
			);
			path = CustomPopUpTest;
			sourceTree = "<group>";
		};
/* End PBXGroup section */

/* Begin PBXNativeTarget section */
		F35204382492CE1100304659 /* CustomPopUpTest */ = {
			isa = PBXNativeTarget;
			buildConfigurationList = F352044D2492CE1300304659 /* Build configuration list for PBXNativeTarget "CustomPopUpTest" */;
			buildPhases = (
				A90D0D2A27212C600C18957D /* [CP] Check Pods Manifest.lock */,
				F35204352492CE1100304659 /* Sources */,
				F35204362492CE1100304659 /* Frameworks */,
				F35204372492CE1100304659 /* Resources */,
				BCD816CB67F09994CFD54ECF /* [CP] Embed Pods Frameworks */,
			);
			buildRules = (
			);
			dependencies = (
			);
			name = CustomPopUpTest;
			productName = CustomPopUpTest;
			productReference = F35204392492CE1100304659 /* CustomPopUpTest.app */;
			productType = "com.apple.product-type.application";
		};
/* End PBXNativeTarget section */

/* Begin PBXProject section */
		F35204312492CE1100304659 /* Project object */ = {
			isa = PBXProject;
			attributes = {
				LastSwiftUpdateCheck = 1150;
				LastUpgradeCheck = 1150;
				ORGANIZATIONNAME = "Yurii Bilyar/Postevka";
				TargetAttributes = {
					F35204382492CE1100304659 = {
						CreatedOnToolsVersion = 11.5;
					};
				};
			};
			buildConfigurationList = F35204342492CE1100304659 /* Build configuration list for PBXProject "CustomPopUpTest" */;
			compatibilityVersion = "Xcode 9.3";
			developmentRegion = en;
			hasScannedForEncodings = 0;
			knownRegions = (
				en,
				Base,
			);
			mainGroup = F35204302492CE1100304659;
			productRefGroup = F352043A2492CE1100304659 /* Products */;
			projectDirPath = "";
			projectRoot = "";
			targets = (
				F35204382492CE1100304659 /* CustomPopUpTest */,
			);
		};
/* End PBXProject section */

/* Begin PBXResourcesBuildPhase section */
		F35204372492CE1100304659 /* Resources */ = {
			isa = PBXResourcesBuildPhase;
			buildActionMask = 2147483647;
			files = (
				F35204492492CE1300304659 /* LaunchScreen.storyboard in Resources */,
				F35204462492CE1300304659 /* Assets.xcassets in Resources */,
				F35204442492CE1100304659 /* Main.storyboard in Resources */,
			);
			runOnlyForDeploymentPostprocessing = 0;
		};
/* End PBXResourcesBuildPhase section */

/* Begin PBXShellScriptBuildPhase section */
		A90D0D2A27212C600C18957D /* [CP] Check Pods Manifest.lock */ = {
			isa = PBXShellScriptBuildPhase;
			buildActionMask = 2147483647;
			files = (
			);
			inputFileListPaths = (
			);
			inputPaths = (
				"${PODS_PODFILE_DIR_PATH}/Podfile.lock",
				"${PODS_ROOT}/Manifest.lock",
			);
			name = "[CP] Check Pods Manifest.lock";
			outputFileListPaths = (
			);
			outputPaths = (
				"$(DERIVED_FILE_DIR)/Pods-CustomPopUpTest-checkManifestLockResult.txt",
			);
			runOnlyForDeploymentPostprocessing = 0;
			shellPath = /bin/sh;
			shellScript = "diff \"${PODS_PODFILE_DIR_PATH}/Podfile.lock\" \"${PODS_ROOT}/Manifest.lock\" > /dev/null\nif [ $? != 0 ] ; then\n    # print error to STDERR\n    echo \"error: The sandbox is not in sync with the Podfile.lock. Run 'pod install' or update your CocoaPods installation.\" >&2\n    exit 1\nfi\n# This output is used by Xcode 'outputs' to avoid re-running this script phase.\necho \"SUCCESS\" > \"${SCRIPT_OUTPUT_FILE_0}\"\n";
			showEnvVarsInLog = 0;
		};
		BCD816CB67F09994CFD54ECF /* [CP] Embed Pods Frameworks */ = {
			isa = PBXShellScriptBuildPhase;
			buildActionMask = 2147483647;
			files = (
			);
			inputFileListPaths = (
				"${PODS_ROOT}/Target Support Files/Pods-CustomPopUpTest/Pods-CustomPopUpTest-frameworks-${CONFIGURATION}-input-files.xcfilelist",
			);
			name = "[CP] Embed Pods Frameworks";
			outputFileListPaths = (
				"${PODS_ROOT}/Target Support Files/Pods-CustomPopUpTest/Pods-CustomPopUpTest-frameworks-${CONFIGURATION}-output-files.xcfilelist",
			);
			runOnlyForDeploymentPostprocessing = 0;
			shellPath = /bin/sh;
			shellScript = "\"${PODS_ROOT}/Target Support Files/Pods-CustomPopUpTest/Pods-CustomPopUpTest-frameworks.sh\"\n";
			showEnvVarsInLog = 0;
		};
/* End PBXShellScriptBuildPhase section */

/* Begin PBXSourcesBuildPhase section */
		F35204352492CE1100304659 /* Sources */ = {
			isa = PBXSourcesBuildPhase;
			buildActionMask = 2147483647;
			files = (
				F35204532492CF8900304659 /* SmallPopUpView.swift in Sources */,
				F35204412492CE1100304659 /* ViewController.swift in Sources */,
				F35204512492CF5900304659 /* MyPopUpView.swift in Sources */,
				F352043D2492CE1100304659 /* AppDelegate.swift in Sources */,
				F35204552492CFB900304659 /* UIView+Message.swift in Sources */,
				F352043F2492CE1100304659 /* SceneDelegate.swift in Sources */,
			);
			runOnlyForDeploymentPostprocessing = 0;
		};
/* End PBXSourcesBuildPhase section */

/* Begin PBXVariantGroup section */
		F35204422492CE1100304659 /* Main.storyboard */ = {
			isa = PBXVariantGroup;
			children = (
				F35204432492CE1100304659 /* Base */,
			);
			name = Main.storyboard;
			sourceTree = "<group>";
		};
		F35204472492CE1300304659 /* LaunchScreen.storyboard */ = {
			isa = PBXVariantGroup;
			children = (
				F35204482492CE1300304659 /* Base */,
			);
			name = LaunchScreen.storyboard;
			sourceTree = "<group>";
		};
/* End PBXVariantGroup section */

/* Begin XCBuildConfiguration section */
		F352044B2492CE1300304659 /* Debug */ = {
			isa = XCBuildConfiguration;
			buildSettings = {
				ALWAYS_SEARCH_USER_PATHS = NO;
				CLANG_ANALYZER_NONNULL = YES;
				CLANG_ANALYZER_NUMBER_OBJECT_CONVERSION = YES_AGGRESSIVE;
				CLANG_CXX_LANGUAGE_STANDARD = "gnu++14";
				CLANG_CXX_LIBRARY = "libc++";
				CLANG_ENABLE_MODULES = YES;
				CLANG_ENABLE_OBJC_ARC = YES;
				CLANG_ENABLE_OBJC_WEAK = YES;
				CLANG_WARN_BLOCK_CAPTURE_AUTORELEASING = YES;
				CLANG_WARN_BOOL_CONVERSION = YES;
				CLANG_WARN_COMMA = YES;
				CLANG_WARN_CONSTANT_CONVERSION = YES;
				CLANG_WARN_DEPRECATED_OBJC_IMPLEMENTATIONS = YES;
				CLANG_WARN_DIRECT_OBJC_ISA_USAGE = YES_ERROR;
				CLANG_WARN_DOCUMENTATION_COMMENTS = YES;
				CLANG_WARN_EMPTY_BODY = YES;
				CLANG_WARN_ENUM_CONVERSION = YES;
				CLANG_WARN_INFINITE_RECURSION = YES;
				CLANG_WARN_INT_CONVERSION = YES;
				CLANG_WARN_NON_LITERAL_NULL_CONVERSION = YES;
				CLANG_WARN_OBJC_IMPLICIT_RETAIN_SELF = YES;
				CLANG_WARN_OBJC_LITERAL_CONVERSION = YES;
				CLANG_WARN_OBJC_ROOT_CLASS = YES_ERROR;
				CLANG_WARN_RANGE_LOOP_ANALYSIS = YES;
				CLANG_WARN_STRICT_PROTOTYPES = YES;
				CLANG_WARN_SUSPICIOUS_MOVE = YES;
				CLANG_WARN_UNGUARDED_AVAILABILITY = YES_AGGRESSIVE;
				CLANG_WARN_UNREACHABLE_CODE = YES;
				CLANG_WARN__DUPLICATE_METHOD_MATCH = YES;
				COPY_PHASE_STRIP = NO;
				DEBUG_INFORMATION_FORMAT = dwarf;
				ENABLE_STRICT_OBJC_MSGSEND = YES;
				ENABLE_TESTABILITY = YES;
				GCC_C_LANGUAGE_STANDARD = gnu11;
				GCC_DYNAMIC_NO_PIC = NO;
				GCC_NO_COMMON_BLOCKS = YES;
				GCC_OPTIMIZATION_LEVEL = 0;
				GCC_PREPROCESSOR_DEFINITIONS = (
					"DEBUG=1",
					"$(inherited)",
				);
				GCC_WARN_64_TO_32_BIT_CONVERSION = YES;
				GCC_WARN_ABOUT_RETURN_TYPE = YES_ERROR;
				GCC_WARN_UNDECLARED_SELECTOR = YES;
				GCC_WARN_UNINITIALIZED_AUTOS = YES_AGGRESSIVE;
				GCC_WARN_UNUSED_FUNCTION = YES;
				GCC_WARN_UNUSED_VARIABLE = YES;
				IPHONEOS_DEPLOYMENT_TARGET = 13.5;
				MTL_ENABLE_DEBUG_INFO = INCLUDE_SOURCE;
				MTL_FAST_MATH = YES;
				ONLY_ACTIVE_ARCH = YES;
				SDKROOT = iphoneos;
				SWIFT_ACTIVE_COMPILATION_CONDITIONS = DEBUG;
				SWIFT_OPTIMIZATION_LEVEL = "-Onone";
			};
			name = Debug;
		};
		F352044C2492CE1300304659 /* Release */ = {
			isa = XCBuildConfiguration;
			buildSettings = {
				ALWAYS_SEARCH_USER_PATHS = NO;
				CLANG_ANALYZER_NONNULL = YES;
				CLANG_ANALYZER_NUMBER_OBJECT_CONVERSION = YES_AGGRESSIVE;
				CLANG_CXX_LANGUAGE_STANDARD = "gnu++14";
				CLANG_CXX_LIBRARY = "libc++";
				CLANG_ENABLE_MODULES = YES;
				CLANG_ENABLE_OBJC_ARC = YES;
				CLANG_ENABLE_OBJC_WEAK = YES;
				CLANG_WARN_BLOCK_CAPTURE_AUTORELEASING = YES;
				CLANG_WARN_BOOL_CONVERSION = YES;
				CLANG_WARN_COMMA = YES;
				CLANG_WARN_CONSTANT_CONVERSION = YES;
				CLANG_WARN_DEPRECATED_OBJC_IMPLEMENTATIONS = YES;
				CLANG_WARN_DIRECT_OBJC_ISA_USAGE = YES_ERROR;
				CLANG_WARN_DOCUMENTATION_COMMENTS = YES;
				CLANG_WARN_EMPTY_BODY = YES;
				CLANG_WARN_ENUM_CONVERSION = YES;
				CLANG_WARN_INFINITE_RECURSION = YES;
				CLANG_WARN_INT_CONVERSION = YES;
				CLANG_WARN_NON_LITERAL_NULL_CONVERSION = YES;
				CLANG_WARN_OBJC_IMPLICIT_RETAIN_SELF = YES;
				CLANG_WARN_OBJC_LITERAL_CONVERSION = YES;
				CLANG_WARN_OBJC_ROOT_CLASS = YES_ERROR;
				CLANG_WARN_RANGE_LOOP_ANALYSIS = YES;
				CLANG_WARN_STRICT_PROTOTYPES = YES;
				CLANG_WARN_SUSPICIOUS_MOVE = YES;
				CLANG_WARN_UNGUARDED_AVAILABILITY = YES_AGGRESSIVE;
				CLANG_WARN_UNREACHABLE_CODE = YES;
				CLANG_WARN__DUPLICATE_METHOD_MATCH = YES;
				COPY_PHASE_STRIP = NO;
				DEBUG_INFORMATION_FORMAT = "dwarf-with-dsym";
				ENABLE_NS_ASSERTIONS = NO;
				ENABLE_STRICT_OBJC_MSGSEND = YES;
				GCC_C_LANGUAGE_STANDARD = gnu11;
				GCC_NO_COMMON_BLOCKS = YES;
				GCC_WARN_64_TO_32_BIT_CONVERSION = YES;
				GCC_WARN_ABOUT_RETURN_TYPE = YES_ERROR;
				GCC_WARN_UNDECLARED_SELECTOR = YES;
				GCC_WARN_UNINITIALIZED_AUTOS = YES_AGGRESSIVE;
				GCC_WARN_UNUSED_FUNCTION = YES;
				GCC_WARN_UNUSED_VARIABLE = YES;
				IPHONEOS_DEPLOYMENT_TARGET = 13.5;
				MTL_ENABLE_DEBUG_INFO = NO;
				MTL_FAST_MATH = YES;
				SDKROOT = iphoneos;
				SWIFT_COMPILATION_MODE = wholemodule;
				SWIFT_OPTIMIZATION_LEVEL = "-O";
				VALIDATE_PRODUCT = YES;
			};
			name = Release;
		};
		F352044E2492CE1300304659 /* Debug */ = {
			isa = XCBuildConfiguration;
			baseConfigurationReference = 66B114BC4C3BE1FA0E670760 /* Pods-CustomPopUpTest.debug.xcconfig */;
			buildSettings = {
				ASSETCATALOG_COMPILER_APPICON_NAME = AppIcon;
				CODE_SIGN_STYLE = Automatic;
				DEVELOPMENT_TEAM = DASD8MU92H;
				INFOPLIST_FILE = CustomPopUpTest/Info.plist;
				LD_RUNPATH_SEARCH_PATHS = (
					"$(inherited)",
					"@executable_path/Frameworks",
				);
				PRODUCT_BUNDLE_IDENTIFIER = co.bilyar96.CustomPopUpTest;
				PRODUCT_NAME = "$(TARGET_NAME)";
				SWIFT_VERSION = 5.0;
				TARGETED_DEVICE_FAMILY = "1,2";
			};
			name = Debug;
		};
		F352044F2492CE1300304659 /* Release */ = {
			isa = XCBuildConfiguration;
			baseConfigurationReference = EF3101604536AD724F824AAA /* Pods-CustomPopUpTest.release.xcconfig */;
			buildSettings = {
				ASSETCATALOG_COMPILER_APPICON_NAME = AppIcon;
				CODE_SIGN_STYLE = Automatic;
				DEVELOPMENT_TEAM = DASD8MU92H;
				INFOPLIST_FILE = CustomPopUpTest/Info.plist;
				LD_RUNPATH_SEARCH_PATHS = (
					"$(inherited)",
					"@executable_path/Frameworks",
				);
				PRODUCT_BUNDLE_IDENTIFIER = co.bilyar96.CustomPopUpTest;
				PRODUCT_NAME = "$(TARGET_NAME)";
				SWIFT_VERSION = 5.0;
				TARGETED_DEVICE_FAMILY = "1,2";
			};
			name = Release;
		};
/* End XCBuildConfiguration section */

/* Begin XCConfigurationList section */
		F35204342492CE1100304659 /* Build configuration list for PBXProject "CustomPopUpTest" */ = {
			isa = XCConfigurationList;
			buildConfigurations = (
				F352044B2492CE1300304659 /* Debug */,
				F352044C2492CE1300304659 /* Release */,
			);
			defaultConfigurationIsVisible = 0;
			defaultConfigurationName = Release;
		};
		F352044D2492CE1300304659 /* Build configuration list for PBXNativeTarget "CustomPopUpTest" */ = {
			isa = XCConfigurationList;
			buildConfigurations = (
				F352044E2492CE1300304659 /* Debug */,
				F352044F2492CE1300304659 /* Release */,
			);
			defaultConfigurationIsVisible = 0;
			defaultConfigurationName = Release;
		};
/* End XCConfigurationList section */
	};
	rootObject = F35204312492CE1100304659 /* Project object */;
}
